
Microsoft Visual Studio Solution File, Format Version 12.00
# Visual Studio 15
VisualStudioVersion = 15.0.26730.16
MinimumVisualStudioVersion = 10.0.40219.1
Project("{FAE04EC0-301F-11D3-BF4B-00C04F79EFBC}") = "PhysicsLabs", "PhysicsLabs\PhysicsLabs.csproj", "{A5F10869-06B2-4D2A-8CA7-2E2F174FBAE8}"
EndProject
Global
	GlobalSection(SolutionConfigurationPlatforms) = preSolution
		Debug|Any CPU = Debug|Any CPU
		Release|Any CPU = Release|Any CPU
	EndGlobalSection
	GlobalSection(ProjectConfigurationPlatforms) = postSolution
		{A5F10869-06B2-4D2A-8CA7-2E2F174FBAE8}.Debug|Any CPU.ActiveCfg = Debug|Any CPU
		{A5F10869-06B2-4D2A-8CA7-2E2F174FBAE8}.Debug|Any CPU.Build.0 = Debug|Any CPU
		{A5F10869-06B2-4D2A-8CA7-2E2F174FBAE8}.Release|Any CPU.ActiveCfg = Release|Any CPU
		{A5F10869-06B2-4D2A-8CA7-2E2F174FBAE8}.Release|Any CPU.Build.0 = Release|Any CPU
	EndGlobalSection
	GlobalSection(SolutionProperties) = preSolution
		HideSolutionNode = FALSE
	EndGlobalSection
	GlobalSection(ExtensibilityGlobals) = postSolution
		SolutionGuid = {CE780E51-EFAF-45E3-96AC-5DEE648DB953}
	EndGlobalSection
EndGlobal
